
Microsoft Visual Studio Solution File, Format Version 12.00
# Visual Studio Version 17
VisualStudioVersion = 17.4.33403.182
MinimumVisualStudioVersion = 10.0.40219.1
Project("{FAE04EC0-301F-11D3-BF4B-00C04F79EFBC}") = "API_Testing", "API_Testing\API_Testing.csproj", "{4601FD13-C070-44A7-821A-9D6A5BA5D40A}"
EndProject
Global
	GlobalSection(SolutionConfigurationPlatforms) = preSolution
		Debug|Any CPU = Debug|Any CPU
		Release|Any CPU = Release|Any CPU
	EndGlobalSection
	GlobalSection(ProjectConfigurationPlatforms) = postSolution
		{4601FD13-C070-44A7-821A-9D6A5BA5D40A}.Debug|Any CPU.ActiveCfg = Debug|Any CPU
		{4601FD13-C070-44A7-821A-9D6A5BA5D40A}.Debug|Any CPU.Build.0 = Debug|Any CPU
		{4601FD13-C070-44A7-821A-9D6A5BA5D40A}.Release|Any CPU.ActiveCfg = Release|Any CPU
		{4601FD13-C070-44A7-821A-9D6A5BA5D40A}.Release|Any CPU.Build.0 = Release|Any CPU
	EndGlobalSection
	GlobalSection(SolutionProperties) = preSolution
		HideSolutionNode = FALSE
	EndGlobalSection
	GlobalSection(ExtensibilityGlobals) = postSolution
		SolutionGuid = {F80B6998-B4B6-4E2B-98B0-C7A491A794BC}
	EndGlobalSection
EndGlobal
